
Microsoft Visual Studio Solution File, Format Version 12.00
# Visual Studio Version 16
VisualStudioVersion = 16.0.30406.217
MinimumVisualStudioVersion = 10.0.40219.1
Project("{FAE04EC0-301F-11D3-BF4B-00C04F79EFBC}") = "BootCamp", "BootCamp.csproj", "{186B6BA5-62C0-4966-8CA1-161C0900EFA0}"
EndProject
Global
	GlobalSection(SolutionConfigurationPlatforms) = preSolution
		Debug|Any CPU = Debug|Any CPU
		Release|Any CPU = Release|Any CPU
	EndGlobalSection
	GlobalSection(ProjectConfigurationPlatforms) = postSolution
		{186B6BA5-62C0-4966-8CA1-161C0900EFA0}.Debug|Any CPU.ActiveCfg = Debug|Any CPU
		{186B6BA5-62C0-4966-8CA1-161C0900EFA0}.Debug|Any CPU.Build.0 = Debug|Any CPU
		{186B6BA5-62C0-4966-8CA1-161C0900EFA0}.Release|Any CPU.ActiveCfg = Release|Any CPU
		{186B6BA5-62C0-4966-8CA1-161C0900EFA0}.Release|Any CPU.Build.0 = Release|Any CPU
	EndGlobalSection
	GlobalSection(SolutionProperties) = preSolution
		HideSolutionNode = FALSE
	EndGlobalSection
	GlobalSection(ExtensibilityGlobals) = postSolution
		SolutionGuid = {F7EFDD69-8243-4071-92C7-DC34E5B36093}
	EndGlobalSection
EndGlobal
